
Microsoft Visual Studio Solution File, Format Version 12.00
# Visual Studio Version 16
VisualStudioVersion = 16.0.30320.27
MinimumVisualStudioVersion = 10.0.40219.1
Project("{8BC9CEB8-8B4A-11D0-8D11-00A0C91BC942}") = "week_4_no_2", "week_4_no_2\week_4_no_2.vcxproj", "{CC921778-8DBF-40E5-85B7-351EAAF2E0B5}"
EndProject
Global
	GlobalSection(SolutionConfigurationPlatforms) = preSolution
		Debug|x64 = Debug|x64
		Debug|x86 = Debug|x86
		Release|x64 = Release|x64
		Release|x86 = Release|x86
	EndGlobalSection
	GlobalSection(ProjectConfigurationPlatforms) = postSolution
		{CC921778-8DBF-40E5-85B7-351EAAF2E0B5}.Debug|x64.ActiveCfg = Debug|x64
		{CC921778-8DBF-40E5-85B7-351EAAF2E0B5}.Debug|x64.Build.0 = Debug|x64
		{CC921778-8DBF-40E5-85B7-351EAAF2E0B5}.Debug|x86.ActiveCfg = Debug|Win32
		{CC921778-8DBF-40E5-85B7-351EAAF2E0B5}.Debug|x86.Build.0 = Debug|Win32
		{CC921778-8DBF-40E5-85B7-351EAAF2E0B5}.Release|x64.ActiveCfg = Release|x64
		{CC921778-8DBF-40E5-85B7-351EAAF2E0B5}.Release|x64.Build.0 = Release|x64
		{CC921778-8DBF-40E5-85B7-351EAAF2E0B5}.Release|x86.ActiveCfg = Release|Win32
		{CC921778-8DBF-40E5-85B7-351EAAF2E0B5}.Release|x86.Build.0 = Release|Win32
	EndGlobalSection
	GlobalSection(SolutionProperties) = preSolution
		HideSolutionNode = FALSE
	EndGlobalSection
	GlobalSection(ExtensibilityGlobals) = postSolution
		SolutionGuid = {EBDE4469-80F8-4AD7-859C-486B9769B58F}
	EndGlobalSection
EndGlobal
